
Microsoft Visual Studio Solution File, Format Version 12.00
# Visual Studio Version 17
VisualStudioVersion = 17.2.32602.215
MinimumVisualStudioVersion = 10.0.40219.1
Project("{9A19103F-16F7-4668-BE54-9A1E7A4F7556}") = "vac-seen-web", "vac-seen-web.csproj", "{2569894F-9850-4560-8A89-9277B48D8EBB}"
EndProject
Global
	GlobalSection(SolutionConfigurationPlatforms) = preSolution
		Debug|Any CPU = Debug|Any CPU
		Release|Any CPU = Release|Any CPU
	EndGlobalSection
	GlobalSection(ProjectConfigurationPlatforms) = postSolution
		{2569894F-9850-4560-8A89-9277B48D8EBB}.Debug|Any CPU.ActiveCfg = Debug|Any CPU
		{2569894F-9850-4560-8A89-9277B48D8EBB}.Debug|Any CPU.Build.0 = Debug|Any CPU
		{2569894F-9850-4560-8A89-9277B48D8EBB}.Release|Any CPU.ActiveCfg = Release|Any CPU
		{2569894F-9850-4560-8A89-9277B48D8EBB}.Release|Any CPU.Build.0 = Release|Any CPU
	EndGlobalSection
	GlobalSection(SolutionProperties) = preSolution
		HideSolutionNode = FALSE
	EndGlobalSection
	GlobalSection(ExtensibilityGlobals) = postSolution
		SolutionGuid = {22EFEE02-683E-473A-BF89-698D4C026346}
	EndGlobalSection
EndGlobal
